
Microsoft Visual Studio Solution File, Format Version 12.00
# Visual Studio Version 16
VisualStudioVersion = 16.0.29409.12
MinimumVisualStudioVersion = 15.0.26124.0
Project("{9A19103F-16F7-4668-BE54-9A1E7A4F7556}") = "Chorus.Specs", "test\Chorus.Specs\Chorus.Specs.csproj", "{5EFD8B05-EED4-4D70-9247-CA855D3F8662}"
EndProject
Project("{9A19103F-16F7-4668-BE54-9A1E7A4F7556}") = "Chorus.CQRS", "src\Chorus.CQRS\Chorus.CQRS.csproj", "{D1C2E242-AC58-4801-8167-A6C1211BBF0E}"
EndProject
Project("{9A19103F-16F7-4668-BE54-9A1E7A4F7556}") = "Chorus.Core", "src\Chorus.Core\Chorus.Core.csproj", "{68A84B9C-8950-4643-B888-AA75B28F0330}"
EndProject
Project("{9A19103F-16F7-4668-BE54-9A1E7A4F7556}") = "Chorus.Samples.RestApi", "samples\Chorus.Samples.RestApi\Chorus.Samples.RestApi.csproj", "{8AC1169E-A010-4885-8A52-746AC21EE81E}"
EndProject
Project("{9A19103F-16F7-4668-BE54-9A1E7A4F7556}") = "Chorus.DistributedLog.InMemory", "src\Chorus.DistributedLog.InMemory\Chorus.DistributedLog.InMemory.csproj", "{00ABC792-0255-4B4A-BD23-DC510B59E44A}"
EndProject
Project("{9A19103F-16F7-4668-BE54-9A1E7A4F7556}") = "Chorus.DistributedLog.Kafka", "src\Chorus.DistributedLog.Kafka\Chorus.DistributedLog.Kafka.csproj", "{6E35A23D-76FB-4743-BB32-A1EEF37E38F2}"
EndProject
Project("{9A19103F-16F7-4668-BE54-9A1E7A4F7556}") = "Chorus.DistributedLog", "src\Chorus.DistributedLog\Chorus.DistributedLog.csproj", "{5CE1E915-DB2D-40BA-AFC5-2AB654CF8B13}"
EndProject
Project("{9A19103F-16F7-4668-BE54-9A1E7A4F7556}") = "Chorus.Messaging", "src\Chorus.Messaging\Chorus.Messaging.csproj", "{FE815ADF-BED9-4A17-9EE7-0B413EF7CC36}"
EndProject
Project("{FAE04EC0-301F-11D3-BF4B-00C04F79EFBC}") = "Chorus.DistributedLog.Extensions", "src\Chorus.DistributedLog.Extensions\Chorus.DistributedLog.Extensions.csproj", "{E74D5BB8-067C-4791-B6BD-8B4E5631916D}"
EndProject
Global
	GlobalSection(SolutionConfigurationPlatforms) = preSolution
		Debug|Any CPU = Debug|Any CPU
		Debug|x64 = Debug|x64
		Debug|x86 = Debug|x86
		Release|Any CPU = Release|Any CPU
		Release|x64 = Release|x64
		Release|x86 = Release|x86
	EndGlobalSection
	GlobalSection(ProjectConfigurationPlatforms) = postSolution
		{5EFD8B05-EED4-4D70-9247-CA855D3F8662}.Debug|Any CPU.ActiveCfg = Debug|Any CPU
		{5EFD8B05-EED4-4D70-9247-CA855D3F8662}.Debug|Any CPU.Build.0 = Debug|Any CPU
		{5EFD8B05-EED4-4D70-9247-CA855D3F8662}.Debug|x64.ActiveCfg = Debug|Any CPU
		{5EFD8B05-EED4-4D70-9247-CA855D3F8662}.Debug|x64.Build.0 = Debug|Any CPU
		{5EFD8B05-EED4-4D70-9247-CA855D3F8662}.Debug|x86.ActiveCfg = Debug|Any CPU
		{5EFD8B05-EED4-4D70-9247-CA855D3F8662}.Debug|x86.Build.0 = Debug|Any CPU
		{5EFD8B05-EED4-4D70-9247-CA855D3F8662}.Release|Any CPU.ActiveCfg = Release|Any CPU
		{5EFD8B05-EED4-4D70-9247-CA855D3F8662}.Release|Any CPU.Build.0 = Release|Any CPU
		{5EFD8B05-EED4-4D70-9247-CA855D3F8662}.Release|x64.ActiveCfg = Release|Any CPU
		{5EFD8B05-EED4-4D70-9247-CA855D3F8662}.Release|x64.Build.0 = Release|Any CPU
		{5EFD8B05-EED4-4D70-9247-CA855D3F8662}.Release|x86.ActiveCfg = Release|Any CPU
		{5EFD8B05-EED4-4D70-9247-CA855D3F8662}.Release|x86.Build.0 = Release|Any CPU
		{D1C2E242-AC58-4801-8167-A6C1211BBF0E}.Debug|Any CPU.ActiveCfg = Debug|Any CPU
		{D1C2E242-AC58-4801-8167-A6C1211BBF0E}.Debug|Any CPU.Build.0 = Debug|Any CPU
		{D1C2E242-AC58-4801-8167-A6C1211BBF0E}.Debug|x64.ActiveCfg = Debug|Any CPU
		{D1C2E242-AC58-4801-8167-A6C1211BBF0E}.Debug|x64.Build.0 = Debug|Any CPU
		{D1C2E242-AC58-4801-8167-A6C1211BBF0E}.Debug|x86.ActiveCfg = Debug|Any CPU
		{D1C2E242-AC58-4801-8167-A6C1211BBF0E}.Debug|x86.Build.0 = Debug|Any CPU
		{D1C2E242-AC58-4801-8167-A6C1211BBF0E}.Release|Any CPU.ActiveCfg = Release|Any CPU
		{D1C2E242-AC58-4801-8167-A6C1211BBF0E}.Release|Any CPU.Build.0 = Release|Any CPU
		{D1C2E242-AC58-4801-8167-A6C1211BBF0E}.Release|x64.ActiveCfg = Release|Any CPU
		{D1C2E242-AC58-4801-8167-A6C1211BBF0E}.Release|x64.Build.0 = Release|Any CPU
		{D1C2E242-AC58-4801-8167-A6C1211BBF0E}.Release|x86.ActiveCfg = Release|Any CPU
		{D1C2E242-AC58-4801-8167-A6C1211BBF0E}.Release|x86.Build.0 = Release|Any CPU
		{68A84B9C-8950-4643-B888-AA75B28F0330}.Debug|Any CPU.ActiveCfg = Debug|Any CPU
		{68A84B9C-8950-4643-B888-AA75B28F0330}.Debug|Any CPU.Build.0 = Debug|Any CPU
		{68A84B9C-8950-4643-B888-AA75B28F0330}.Debug|x64.ActiveCfg = Debug|Any CPU
		{68A84B9C-8950-4643-B888-AA75B28F0330}.Debug|x64.Build.0 = Debug|Any CPU
		{68A84B9C-8950-4643-B888-AA75B28F0330}.Debug|x86.ActiveCfg = Debug|Any CPU
		{68A84B9C-8950-4643-B888-AA75B28F0330}.Debug|x86.Build.0 = Debug|Any CPU
		{68A84B9C-8950-4643-B888-AA75B28F0330}.Release|Any CPU.ActiveCfg = Release|Any CPU
		{68A84B9C-8950-4643-B888-AA75B28F0330}.Release|Any CPU.Build.0 = Release|Any CPU
		{68A84B9C-8950-4643-B888-AA75B28F0330}.Release|x64.ActiveCfg = Release|Any CPU
		{68A84B9C-8950-4643-B888-AA75B28F0330}.Release|x64.Build.0 = Release|Any CPU
		{68A84B9C-8950-4643-B888-AA75B28F0330}.Release|x86.ActiveCfg = Release|Any CPU
		{68A84B9C-8950-4643-B888-AA75B28F0330}.Release|x86.Build.0 = Release|Any CPU
		{8AC1169E-A010-4885-8A52-746AC21EE81E}.Debug|Any CPU.ActiveCfg = Debug|Any CPU
		{8AC1169E-A010-4885-8A52-746AC21EE81E}.Debug|Any CPU.Build.0 = Debug|Any CPU
		{8AC1169E-A010-4885-8A52-746AC21EE81E}.Debug|x64.ActiveCfg = Debug|Any CPU
		{8AC1169E-A010-4885-8A52-746AC21EE81E}.Debug|x64.Build.0 = Debug|Any CPU
		{8AC1169E-A010-4885-8A52-746AC21EE81E}.Debug|x86.ActiveCfg = Debug|Any CPU
		{8AC1169E-A010-4885-8A52-746AC21EE81E}.Debug|x86.Build.0 = Debug|Any CPU
		{8AC1169E-A010-4885-8A52-746AC21EE81E}.Release|Any CPU.ActiveCfg = Release|Any CPU
		{8AC1169E-A010-4885-8A52-746AC21EE81E}.Release|Any CPU.Build.0 = Release|Any CPU
		{8AC1169E-A010-4885-8A52-746AC21EE81E}.Release|x64.ActiveCfg = Release|Any CPU
		{8AC1169E-A010-4885-8A52-746AC21EE81E}.Release|x64.Build.0 = Release|Any CPU
		{8AC1169E-A010-4885-8A52-746AC21EE81E}.Release|x86.ActiveCfg = Release|Any CPU
		{8AC1169E-A010-4885-8A52-746AC21EE81E}.Release|x86.Build.0 = Release|Any CPU
		{00ABC792-0255-4B4A-BD23-DC510B59E44A}.Debug|Any CPU.ActiveCfg = Debug|Any CPU
		{00ABC792-0255-4B4A-BD23-DC510B59E44A}.Debug|Any CPU.Build.0 = Debug|Any CPU
		{00ABC792-0255-4B4A-BD23-DC510B59E44A}.Debug|x64.ActiveCfg = Debug|Any CPU
		{00ABC792-0255-4B4A-BD23-DC510B59E44A}.Debug|x64.Build.0 = Debug|Any CPU
		{00ABC792-0255-4B4A-BD23-DC510B59E44A}.Debug|x86.ActiveCfg = Debug|Any CPU
		{00ABC792-0255-4B4A-BD23-DC510B59E44A}.Debug|x86.Build.0 = Debug|Any CPU
		{00ABC792-0255-4B4A-BD23-DC510B59E44A}.Release|Any CPU.ActiveCfg = Release|Any CPU
		{00ABC792-0255-4B4A-BD23-DC510B59E44A}.Release|Any CPU.Build.0 = Release|Any CPU
		{00ABC792-0255-4B4A-BD23-DC510B59E44A}.Release|x64.ActiveCfg = Release|Any CPU
		{00ABC792-0255-4B4A-BD23-DC510B59E44A}.Release|x64.Build.0 = Release|Any CPU
		{00ABC792-0255-4B4A-BD23-DC510B59E44A}.Release|x86.ActiveCfg = Release|Any CPU
		{00ABC792-0255-4B4A-BD23-DC510B59E44A}.Release|x86.Build.0 = Release|Any CPU
		{6E35A23D-76FB-4743-BB32-A1EEF37E38F2}.Debug|Any CPU.ActiveCfg = Debug|Any CPU
		{6E35A23D-76FB-4743-BB32-A1EEF37E38F2}.Debug|Any CPU.Build.0 = Debug|Any CPU
		{6E35A23D-76FB-4743-BB32-A1EEF37E38F2}.Debug|x64.ActiveCfg = Debug|Any CPU
		{6E35A23D-76FB-4743-BB32-A1EEF37E38F2}.Debug|x64.Build.0 = Debug|Any CPU
		{6E35A23D-76FB-4743-BB32-A1EEF37E38F2}.Debug|x86.ActiveCfg = Debug|Any CPU
		{6E35A23D-76FB-4743-BB32-A1EEF37E38F2}.Debug|x86.Build.0 = Debug|Any CPU
		{6E35A23D-76FB-4743-BB32-A1EEF37E38F2}.Release|Any CPU.ActiveCfg = Release|Any CPU
		{6E35A23D-76FB-4743-BB32-A1EEF37E38F2}.Release|Any CPU.Build.0 = Release|Any CPU
		{6E35A23D-76FB-4743-BB32-A1EEF37E38F2}.Release|x64.ActiveCfg = Release|Any CPU
		{6E35A23D-76FB-4743-BB32-A1EEF37E38F2}.Release|x64.Build.0 = Release|Any CPU
		{6E35A23D-76FB-4743-BB32-A1EEF37E38F2}.Release|x86.ActiveCfg = Release|Any CPU
		{6E35A23D-76FB-4743-BB32-A1EEF37E38F2}.Release|x86.Build.0 = Release|Any CPU
		{5CE1E915-DB2D-40BA-AFC5-2AB654CF8B13}.Debug|Any CPU.ActiveCfg = Debug|Any CPU
		{5CE1E915-DB2D-40BA-AFC5-2AB654CF8B13}.Debug|Any CPU.Build.0 = Debug|Any CPU
		{5CE1E915-DB2D-40BA-AFC5-2AB654CF8B13}.Debug|x64.ActiveCfg = Debug|Any CPU
		{5CE1E915-DB2D-40BA-AFC5-2AB654CF8B13}.Debug|x64.Build.0 = Debug|Any CPU
		{5CE1E915-DB2D-40BA-AFC5-2AB654CF8B13}.Debug|x86.ActiveCfg = Debug|Any CPU
		{5CE1E915-DB2D-40BA-AFC5-2AB654CF8B13}.Debug|x86.Build.0 = Debug|Any CPU
		{5CE1E915-DB2D-40BA-AFC5-2AB654CF8B13}.Release|Any CPU.ActiveCfg = Release|Any CPU
		{5CE1E915-DB2D-40BA-AFC5-2AB654CF8B13}.Release|Any CPU.Build.0 = Release|Any CPU
		{5CE1E915-DB2D-40BA-AFC5-2AB654CF8B13}.Release|x64.ActiveCfg = Release|Any CPU
		{5CE1E915-DB2D-40BA-AFC5-2AB654CF8B13}.Release|x64.Build.0 = Release|Any CPU
		{5CE1E915-DB2D-40BA-AFC5-2AB654CF8B13}.Release|x86.ActiveCfg = Release|Any CPU
		{5CE1E915-DB2D-40BA-AFC5-2AB654CF8B13}.Release|x86.Build.0 = Release|Any CPU
		{FE815ADF-BED9-4A17-9EE7-0B413EF7CC36}.Debug|Any CPU.ActiveCfg = Debug|Any CPU
		{FE815ADF-BED9-4A17-9EE7-0B413EF7CC36}.Debug|Any CPU.Build.0 = Debug|Any CPU
		{FE815ADF-BED9-4A17-9EE7-0B413EF7CC36}.Debug|x64.ActiveCfg = Debug|Any CPU
		{FE815ADF-BED9-4A17-9EE7-0B413EF7CC36}.Debug|x64.Build.0 = Debug|Any CPU
		{FE815ADF-BED9-4A17-9EE7-0B413EF7CC36}.Debug|x86.ActiveCfg = Debug|Any CPU
		{FE815ADF-BED9-4A17-9EE7-0B413EF7CC36}.Debug|x86.Build.0 = Debug|Any CPU
		{FE815ADF-BED9-4A17-9EE7-0B413EF7CC36}.Release|Any CPU.ActiveCfg = Release|Any CPU
		{FE815ADF-BED9-4A17-9EE7-0B413EF7CC36}.Release|Any CPU.Build.0 = Release|Any CPU
		{FE815ADF-BED9-4A17-9EE7-0B413EF7CC36}.Release|x64.ActiveCfg = Release|Any CPU
		{FE815ADF-BED9-4A17-9EE7-0B413EF7CC36}.Release|x64.Build.0 = Release|Any CPU
		{FE815ADF-BED9-4A17-9EE7-0B413EF7CC36}.Release|x86.ActiveCfg = Release|Any CPU
		{FE815ADF-BED9-4A17-9EE7-0B413EF7CC36}.Release|x86.Build.0 = Release|Any CPU
		{E74D5BB8-067C-4791-B6BD-8B4E5631916D}.Debug|Any CPU.ActiveCfg = Debug|Any CPU
		{E74D5BB8-067C-4791-B6BD-8B4E5631916D}.Debug|Any CPU.Build.0 = Debug|Any CPU
		{E74D5BB8-067C-4791-B6BD-8B4E5631916D}.Debug|x64.ActiveCfg = Debug|Any CPU
		{E74D5BB8-067C-4791-B6BD-8B4E5631916D}.Debug|x64.Build.0 = Debug|Any CPU
		{E74D5BB8-067C-4791-B6BD-8B4E5631916D}.Debug|x86.ActiveCfg = Debug|Any CPU
		{E74D5BB8-067C-4791-B6BD-8B4E5631916D}.Debug|x86.Build.0 = Debug|Any CPU
		{E74D5BB8-067C-4791-B6BD-8B4E5631916D}.Release|Any CPU.ActiveCfg = Release|Any CPU
		{E74D5BB8-067C-4791-B6BD-8B4E5631916D}.Release|Any CPU.Build.0 = Release|Any CPU
		{E74D5BB8-067C-4791-B6BD-8B4E5631916D}.Release|x64.ActiveCfg = Release|Any CPU
		{E74D5BB8-067C-4791-B6BD-8B4E5631916D}.Release|x64.Build.0 = Release|Any CPU
		{E74D5BB8-067C-4791-B6BD-8B4E5631916D}.Release|x86.ActiveCfg = Release|Any CPU
		{E74D5BB8-067C-4791-B6BD-8B4E5631916D}.Release|x86.Build.0 = Release|Any CPU
	EndGlobalSection
	GlobalSection(SolutionProperties) = preSolution
		HideSolutionNode = FALSE
	EndGlobalSection
	GlobalSection(ExtensibilityGlobals) = postSolution
		SolutionGuid = {AB8D1F80-CF17-4CFD-8379-4149E506A5D7}
	EndGlobalSection
EndGlobal
